
Microsoft Visual Studio Solution File, Format Version 12.00
# Visual Studio 15
VisualStudioVersion = 15.0.28010.2046
MinimumVisualStudioVersion = 10.0.40219.1
Project("{FAE04EC0-301F-11D3-BF4B-00C04F79EFBC}") = "c sharp Fundamentals", "c sharp Fundamentals\c sharp Fundamentals.csproj", "{46979C82-E696-487D-BEBD-E2D11773AEA3}"
EndProject
Global
	GlobalSection(SolutionConfigurationPlatforms) = preSolution
		Debug|Any CPU = Debug|Any CPU
		Release|Any CPU = Release|Any CPU
	EndGlobalSection
	GlobalSection(ProjectConfigurationPlatforms) = postSolution
		{46979C82-E696-487D-BEBD-E2D11773AEA3}.Debug|Any CPU.ActiveCfg = Debug|Any CPU
		{46979C82-E696-487D-BEBD-E2D11773AEA3}.Debug|Any CPU.Build.0 = Debug|Any CPU
		{46979C82-E696-487D-BEBD-E2D11773AEA3}.Release|Any CPU.ActiveCfg = Release|Any CPU
		{46979C82-E696-487D-BEBD-E2D11773AEA3}.Release|Any CPU.Build.0 = Release|Any CPU
	EndGlobalSection
	GlobalSection(SolutionProperties) = preSolution
		HideSolutionNode = FALSE
	EndGlobalSection
	GlobalSection(ExtensibilityGlobals) = postSolution
		SolutionGuid = {B298B489-E2DA-47FA-912B-FF2F5C68A03D}
	EndGlobalSection
EndGlobal
