
Microsoft Visual Studio Solution File, Format Version 12.00
# Visual Studio 15
VisualStudioVersion = 15.0.28010.2046
MinimumVisualStudioVersion = 10.0.40219.1
Project("{FAE04EC0-301F-11D3-BF4B-00C04F79EFBC}") = "Data Structure and Algorithms", "Data Structure and Algorithms\Data Structure and Algorithms.csproj", "{41F881A3-7455-43FA-BDAC-0A9F1715CBD8}"
EndProject
Project("{FAE04EC0-301F-11D3-BF4B-00C04F79EFBC}") = "Arrays", "Arrays\Arrays.csproj", "{B3C2FFF6-46B6-465C-9123-359AAA378181}"
EndProject
Project("{FAE04EC0-301F-11D3-BF4B-00C04F79EFBC}") = "LinkedList", "LinkedList\LinkedList.csproj", "{C0651703-050E-4827-8E61-EE4E9C3206F9}"
EndProject
Project("{FAE04EC0-301F-11D3-BF4B-00C04F79EFBC}") = "Trees", "Trees\Trees.csproj", "{15445973-6F96-4BBC-95FA-6DD9F80A93FB}"
EndProject
Project("{FAE04EC0-301F-11D3-BF4B-00C04F79EFBC}") = "InterviewBit", "InterviewBit\InterviewBit.csproj", "{BDC76B5D-8EFF-4228-96E0-17AAF748481C}"
EndProject
Project("{FAE04EC0-301F-11D3-BF4B-00C04F79EFBC}") = "Sorting", "Sorting\Sorting.csproj", "{CD553331-7E09-4197-A848-750FB7F9AF72}"
EndProject
Project("{FAE04EC0-301F-11D3-BF4B-00C04F79EFBC}") = "HiringChallenges", "HiringChallenges\HiringChallenges.csproj", "{267FF0FD-F55A-4231-B04A-02100B399361}"
EndProject
Global
	GlobalSection(SolutionConfigurationPlatforms) = preSolution
		Debug|Any CPU = Debug|Any CPU
		Release|Any CPU = Release|Any CPU
	EndGlobalSection
	GlobalSection(ProjectConfigurationPlatforms) = postSolution
		{41F881A3-7455-43FA-BDAC-0A9F1715CBD8}.Debug|Any CPU.ActiveCfg = Debug|Any CPU
		{41F881A3-7455-43FA-BDAC-0A9F1715CBD8}.Debug|Any CPU.Build.0 = Debug|Any CPU
		{41F881A3-7455-43FA-BDAC-0A9F1715CBD8}.Release|Any CPU.ActiveCfg = Release|Any CPU
		{41F881A3-7455-43FA-BDAC-0A9F1715CBD8}.Release|Any CPU.Build.0 = Release|Any CPU
		{B3C2FFF6-46B6-465C-9123-359AAA378181}.Debug|Any CPU.ActiveCfg = Debug|Any CPU
		{B3C2FFF6-46B6-465C-9123-359AAA378181}.Debug|Any CPU.Build.0 = Debug|Any CPU
		{B3C2FFF6-46B6-465C-9123-359AAA378181}.Release|Any CPU.ActiveCfg = Release|Any CPU
		{B3C2FFF6-46B6-465C-9123-359AAA378181}.Release|Any CPU.Build.0 = Release|Any CPU
		{C0651703-050E-4827-8E61-EE4E9C3206F9}.Debug|Any CPU.ActiveCfg = Debug|Any CPU
		{C0651703-050E-4827-8E61-EE4E9C3206F9}.Debug|Any CPU.Build.0 = Debug|Any CPU
		{C0651703-050E-4827-8E61-EE4E9C3206F9}.Release|Any CPU.ActiveCfg = Release|Any CPU
		{C0651703-050E-4827-8E61-EE4E9C3206F9}.Release|Any CPU.Build.0 = Release|Any CPU
		{15445973-6F96-4BBC-95FA-6DD9F80A93FB}.Debug|Any CPU.ActiveCfg = Debug|Any CPU
		{15445973-6F96-4BBC-95FA-6DD9F80A93FB}.Debug|Any CPU.Build.0 = Debug|Any CPU
		{15445973-6F96-4BBC-95FA-6DD9F80A93FB}.Release|Any CPU.ActiveCfg = Release|Any CPU
		{15445973-6F96-4BBC-95FA-6DD9F80A93FB}.Release|Any CPU.Build.0 = Release|Any CPU
		{BDC76B5D-8EFF-4228-96E0-17AAF748481C}.Debug|Any CPU.ActiveCfg = Debug|Any CPU
		{BDC76B5D-8EFF-4228-96E0-17AAF748481C}.Debug|Any CPU.Build.0 = Debug|Any CPU
		{BDC76B5D-8EFF-4228-96E0-17AAF748481C}.Release|Any CPU.ActiveCfg = Release|Any CPU
		{BDC76B5D-8EFF-4228-96E0-17AAF748481C}.Release|Any CPU.Build.0 = Release|Any CPU
		{CD553331-7E09-4197-A848-750FB7F9AF72}.Debug|Any CPU.ActiveCfg = Debug|Any CPU
		{CD553331-7E09-4197-A848-750FB7F9AF72}.Debug|Any CPU.Build.0 = Debug|Any CPU
		{CD553331-7E09-4197-A848-750FB7F9AF72}.Release|Any CPU.ActiveCfg = Release|Any CPU
		{CD553331-7E09-4197-A848-750FB7F9AF72}.Release|Any CPU.Build.0 = Release|Any CPU
		{267FF0FD-F55A-4231-B04A-02100B399361}.Debug|Any CPU.ActiveCfg = Debug|Any CPU
		{267FF0FD-F55A-4231-B04A-02100B399361}.Debug|Any CPU.Build.0 = Debug|Any CPU
		{267FF0FD-F55A-4231-B04A-02100B399361}.Release|Any CPU.ActiveCfg = Release|Any CPU
		{267FF0FD-F55A-4231-B04A-02100B399361}.Release|Any CPU.Build.0 = Release|Any CPU
	EndGlobalSection
	GlobalSection(SolutionProperties) = preSolution
		HideSolutionNode = FALSE
	EndGlobalSection
	GlobalSection(ExtensibilityGlobals) = postSolution
		SolutionGuid = {1CC43D8C-E673-4868-A396-9D05F3535E41}
	EndGlobalSection
EndGlobal
